
Microsoft Visual Studio Solution File, Format Version 12.00
# Visual Studio 15
VisualStudioVersion = 15.0.26228.9
MinimumVisualStudioVersion = 10.0.40219.1
Project("{FAE04EC0-301F-11D3-BF4B-00C04F79EFBC}") = "SearchAlgorithmsLib", "SearchAlgorithmsLib\SearchAlgorithmsLib.csproj", "{DDD92FDC-C6E4-4418-A8B4-6B1F6469B12D}"
EndProject
Project("{FAE04EC0-301F-11D3-BF4B-00C04F79EFBC}") = "Ex1", "Ex1\Ex1.csproj", "{50ABCA3B-D1DD-48BA-983C-61E86D5E959C}"
EndProject
Project("{FAE04EC0-301F-11D3-BF4B-00C04F79EFBC}") = "ConsoleApp1", "ConsoleApp1\ConsoleApp1.csproj", "{EC3FE1A0-75F4-4F2D-BDBC-1AFD848F2A92}"
EndProject
Project("{FAE04EC0-301F-11D3-BF4B-00C04F79EFBC}") = "Server", "Server\Server.csproj", "{A4ED2E37-8B7B-4E51-8C72-78AA9C3B936A}"
EndProject
Project("{FAE04EC0-301F-11D3-BF4B-00C04F79EFBC}") = "Client1", "Client1\Client1.csproj", "{5DE88DDE-4063-43D4-994B-A80F9573C3A9}"
EndProject
Global
	GlobalSection(SolutionConfigurationPlatforms) = preSolution
		Debug|Any CPU = Debug|Any CPU
		Release|Any CPU = Release|Any CPU
	EndGlobalSection
	GlobalSection(ProjectConfigurationPlatforms) = postSolution
		{DDD92FDC-C6E4-4418-A8B4-6B1F6469B12D}.Debug|Any CPU.ActiveCfg = Debug|Any CPU
		{DDD92FDC-C6E4-4418-A8B4-6B1F6469B12D}.Debug|Any CPU.Build.0 = Debug|Any CPU
		{DDD92FDC-C6E4-4418-A8B4-6B1F6469B12D}.Release|Any CPU.ActiveCfg = Release|Any CPU
		{DDD92FDC-C6E4-4418-A8B4-6B1F6469B12D}.Release|Any CPU.Build.0 = Release|Any CPU
		{50ABCA3B-D1DD-48BA-983C-61E86D5E959C}.Debug|Any CPU.ActiveCfg = Debug|Any CPU
		{50ABCA3B-D1DD-48BA-983C-61E86D5E959C}.Debug|Any CPU.Build.0 = Debug|Any CPU
		{50ABCA3B-D1DD-48BA-983C-61E86D5E959C}.Release|Any CPU.ActiveCfg = Release|Any CPU
		{50ABCA3B-D1DD-48BA-983C-61E86D5E959C}.Release|Any CPU.Build.0 = Release|Any CPU
		{EC3FE1A0-75F4-4F2D-BDBC-1AFD848F2A92}.Debug|Any CPU.ActiveCfg = Debug|Any CPU
		{EC3FE1A0-75F4-4F2D-BDBC-1AFD848F2A92}.Debug|Any CPU.Build.0 = Debug|Any CPU
		{EC3FE1A0-75F4-4F2D-BDBC-1AFD848F2A92}.Release|Any CPU.ActiveCfg = Release|Any CPU
		{EC3FE1A0-75F4-4F2D-BDBC-1AFD848F2A92}.Release|Any CPU.Build.0 = Release|Any CPU
		{A4ED2E37-8B7B-4E51-8C72-78AA9C3B936A}.Debug|Any CPU.ActiveCfg = Debug|Any CPU
		{A4ED2E37-8B7B-4E51-8C72-78AA9C3B936A}.Debug|Any CPU.Build.0 = Debug|Any CPU
		{A4ED2E37-8B7B-4E51-8C72-78AA9C3B936A}.Release|Any CPU.ActiveCfg = Release|Any CPU
		{A4ED2E37-8B7B-4E51-8C72-78AA9C3B936A}.Release|Any CPU.Build.0 = Release|Any CPU
		{5DE88DDE-4063-43D4-994B-A80F9573C3A9}.Debug|Any CPU.ActiveCfg = Debug|Any CPU
		{5DE88DDE-4063-43D4-994B-A80F9573C3A9}.Debug|Any CPU.Build.0 = Debug|Any CPU
		{5DE88DDE-4063-43D4-994B-A80F9573C3A9}.Release|Any CPU.ActiveCfg = Release|Any CPU
		{5DE88DDE-4063-43D4-994B-A80F9573C3A9}.Release|Any CPU.Build.0 = Release|Any CPU
	EndGlobalSection
	GlobalSection(SolutionProperties) = preSolution
		HideSolutionNode = FALSE
	EndGlobalSection
EndGlobal
